hash: 715ce549e0a4b6e5b2dece140775adb149af1827c4a26ec1b36974a6d2b919ea
updated: 2017-07-29T00:48:00.304967288-07:00
imports:
- name: bitbucket.org/ww/goautoneg
  version: 75cd24fc2f2c2a2088577d12123ddee5f54e0675
- name: cloud.google.com/go
  version: 3b1ae45394a234c385be014e9a488f2bb6eef821
  subpackages:
  - compute/metadata
  - internal
- name: github.com/aws/aws-sdk-go
  version: 63ce630574a5ec05ecd8e8de5cea16332a5a684d
  subpackages:
  - aws
  - aws/awserr
  - aws/awsutil
  - aws/client
  - aws/client/metadata
  - aws/corehandlers
  - aws/credentials
  - aws/credentials/ec2rolecreds
  - aws/credentials/endpointcreds
  - aws/credentials/stscreds
  - aws/defaults
  - aws/ec2metadata
  - aws/endpoints
  - aws/request
  - aws/session
  - aws/signer/v4
  - private/protocol
  - private/protocol/ec2query
  - private/protocol/json/jsonutil
  - private/protocol/jsonrpc
  - private/protocol/query
  - private/protocol/query/queryutil
  - private/protocol/rest
  - private/protocol/restxml
  - private/protocol/xml/xmlutil
  - private/waiter
  - service/autoscaling
  - service/ec2
  - service/ecr
  - service/elb
  - service/route53
  - service/sts
- name: github.com/beorn7/perks
  version: 3ac7bf7a47d159a033b107610db8a1b6575507a4
  subpackages:
  - quantile
- name: github.com/coreos/etcd
  version: 0520cb9304cb2385f7e72b8bc02d6e4d3257158a
  subpackages:
  - alarm
  - auth
  - auth/authpb
  - client
  - clientv3
  - compactor
  - discovery
  - error
  - etcdserver
  - etcdserver/api
  - etcdserver/api/v2http
  - etcdserver/api/v2http/httptypes
  - etcdserver/api/v3rpc
  - etcdserver/api/v3rpc/rpctypes
  - etcdserver/auth
  - etcdserver/etcdserverpb
  - etcdserver/membership
  - etcdserver/stats
  - integration
  - lease
  - lease/leasehttp
  - lease/leasepb
  - mvcc
  - mvcc/backend
  - mvcc/mvccpb
  - pkg/adt
  - pkg/contention
  - pkg/cpuutil
  - pkg/crc
  - pkg/fileutil
  - pkg/httputil
  - pkg/idutil
  - pkg/ioutil
  - pkg/logutil
  - pkg/monotime
  - pkg/netutil
  - pkg/pathutil
  - pkg/pbutil
  - pkg/runtime
  - pkg/schedule
  - pkg/testutil
  - pkg/tlsutil
  - pkg/transport
  - pkg/types
  - pkg/wait
  - proxy/grpcproxy
  - proxy/grpcproxy/cache
  - raft
  - raft/raftpb
  - rafthttp
  - snap
  - snap/snappb
  - store
  - version
  - wal
  - wal/walpb
- name: github.com/coreos/go-oidc
  version: a4973d9a4225417aecf5d450a9522f00c1f7130f
  subpackages:
  - http
  - jose
  - key
  - oauth2
  - oidc
- name: github.com/coreos/go-systemd
  version: 48702e0da86bd25e76cfef347e2adeb434a0d0a6
  subpackages:
  - daemon
  - journal
- name: github.com/coreos/pkg
  version: fa29b1d70f0beaddd4c7021607cc3c3be8ce94b8
  subpackages:
  - capnslog
  - health
  - httputil
  - timeutil
- name: github.com/davecgh/go-spew
  version: 782f4967f2dc4564575ca782fe2d04090b5faca8
  subpackages:
  - spew
- name: github.com/dgrijalva/jwt-go
  version: 01aeca54ebda6e0fbfafd0a524d234159c05ec20
- name: github.com/docker/distribution
  version: cd27f179f2c10c5d300e6d09025b538c475b0d51
  subpackages:
  - digest
  - reference
- name: github.com/docker/docker
  version: 54f71fd84a0dabab9d45f5fe7543a028b1200ca1
  subpackages:
  - api/types
  - api/types/blkiodev
  - api/types/container
  - api/types/events
  - api/types/filters
  - api/types/mount
  - api/types/network
  - api/types/reference
  - api/types/registry
  - api/types/strslice
  - api/types/swarm
  - api/types/time
  - api/types/versions
  - api/types/volume
  - client
  - pkg/jsonlog
  - pkg/jsonmessage
  - pkg/longpath
  - pkg/mount
  - pkg/stdcopy
  - pkg/symlink
  - pkg/system
  - pkg/term
  - pkg/term/windows
  - pkg/tlsconfig
- name: github.com/docker/go-connections
  version: f549a9393d05688dff0992ef3efd8bbe6c628aeb
  subpackages:
  - nat
  - sockets
  - tlsconfig
- name: github.com/docker/go-units
  version: e30f1e79f3cd72542f2026ceec18d3bd67ab859c
- name: github.com/elazarl/go-bindata-assetfs
  version: 3dcc96556217539f50599357fb481ac0dc7439b9
- name: github.com/emicklei/go-restful
  version: ff4f55a206334ef123e4f79bbf348980da81ca46
  subpackages:
  - log
- name: github.com/emicklei/go-restful-swagger12
  version: dcef7f55730566d41eae5db10e7d6981829720f6
- name: github.com/evanphx/json-patch
  version: 944e07253867aacae43c04b2e6a239005443f33a
- name: github.com/exponent-io/jsonpath
  version: d6023ce2651d8eafb5c75bb0c7167536102ec9f5
- name: github.com/fatih/camelcase
  version: f6a740d52f961c60348ebb109adde9f4635d7540
- name: github.com/ghodss/yaml
  version: 73d445a93680fa1a78ae23a5839bad48f32ba1ee
- name: github.com/go-ini/ini
  version: 2e44421e256d82ebbf3d4d4fcabe8930b905eff3
- name: github.com/go-openapi/jsonpointer
  version: 46af16f9f7b149af66e5d1bd010e3574dc06de98
- name: github.com/go-openapi/jsonreference
  version: 13c6e3589ad90f49bd3e3bbe2c2cb3d7a4142272
- name: github.com/go-openapi/spec
  version: 6aced65f8501fe1217321abf0749d354824ba2ff
- name: github.com/go-openapi/swag
  version: 1d0bd113de87027671077d3c71eb3ac5d7dbba72
- name: github.com/gogo/protobuf
  version: c0656edd0d9eab7c66d1eb0c568f9039345796f7
  subpackages:
  - proto
  - sortkeys
- name: github.com/golang/glog
  version: 44145f04b68cf362d9c4df2182967c2275eaefed
- name: github.com/golang/groupcache
  version: 02826c3e79038b59d737d3b1c0a1d937f71a4433
  subpackages:
  - lru
- name: github.com/golang/protobuf
  version: 4bd1920723d7b7c925de087aa32e2187708897f7
  subpackages:
  - jsonpb
  - proto
  - ptypes
  - ptypes/any
  - ptypes/duration
  - ptypes/timestamp
- name: github.com/google/gofuzz
  version: 44d81051d367757e1c7c6a5a86423ece9afcf63c
- name: github.com/googleapis/gnostic
  version: 68f4ded48ba9414dab2ae69b3f0d69971da73aa5
  subpackages:
  - OpenAPIv2
  - compiler
  - extensions
- name: github.com/gophercloud/gophercloud
  version: ed590d9afe113c6107cd60717b196155e6579e78
  subpackages:
  - openstack
  - openstack/identity/v2/tenants
  - openstack/identity/v2/tokens
  - openstack/identity/v3/tokens
  - openstack/utils
  - pagination
- name: github.com/grpc-ecosystem/go-grpc-prometheus
  version: 2500245aa6110c562d17020fb31a2c133d737799
- name: github.com/grpc-ecosystem/grpc-gateway
  version: 84398b94e188ee336f307779b57b3aa91af7063c
  subpackages:
  - runtime
  - runtime/internal
  - utilities
- name: github.com/hashicorp/golang-lru
  version: a0d98a5f288019575c6d1f4bb1573fef2d1fcdc4
  subpackages:
  - simplelru
- name: github.com/hawkular/hawkular-client-go
  version: 1d46ce7e1eca635f372357a8ccbf1fa7cc28b7d2
  subpackages:
  - metrics
- name: github.com/howeyc/gopass
  version: bf9dde6d0d2c004a008c27aaee91170c786f6db8
- name: github.com/imdario/mergo
  version: 6633656539c1639d9d78127b7d47c622b5d7b6dc
- name: github.com/inconshreveable/mousetrap
  version: 76626ae9c91c4f2a10f34cad8ce83ea42c93bb75
- name: github.com/influxdata/influxdb
  version: e47cf1f2e83a02443d7115c54f838be8ee959644
  subpackages:
  - client
  - client/v2
  - models
  - pkg/escape
- name: github.com/jmespath/go-jmespath
  version: 3433f3ea46d9f8019119e7dd41274e112a2359a9
- name: github.com/jonboulle/clockwork
  version: 72f9bd7c4e0c2a40055ab3d0f09654f730cce982
- name: github.com/juju/ratelimit
  version: 5b9ff866471762aa2ab2dced63c9fb6f53921342
- name: github.com/mailru/easyjson
  version: d5b7844b561a7bc640052f1b935f7b800330d7e0
  subpackages:
  - buffer
  - jlexer
  - jwriter
- name: github.com/matttproud/golang_protobuf_extensions
  version: fc2b8d3a73c4867e51861bbdd5ae3c1f0869dd6a
  subpackages:
  - pbutil
- name: github.com/mxk/go-flowrate
  version: cca7078d478f8520f85629ad7c68962d31ed7682
  subpackages:
  - flowrate
- name: github.com/NYTimes/gziphandler
  version: 56545f4a5d46df9a6648819d1664c3a03a13ffdb
- name: github.com/pborman/uuid
  version: ca53cad383cad2479bbba7f7a1a05797ec1386e4
- name: github.com/pkg/errors
  version: a22138067af1c4942683050411a841ade67fe1eb
- name: github.com/prometheus/client_golang
  version: e7e903064f5e9eb5da98208bae10b475d4db0f8c
  subpackages:
  - prometheus
- name: github.com/prometheus/client_model
  version: fa8ad6fec33561be4280a8f0514318c79d7f6cb6
  subpackages:
  - go
- name: github.com/prometheus/common
  version: 13ba4ddd0caa9c28ca7b7bffe1dfa9ed8d5ef207
  subpackages:
  - expfmt
  - internal/bitbucket.org/ww/goautoneg
  - model
- name: github.com/prometheus/procfs
  version: 65c1f6f8f0fc1e2185eb9863a3bc751496404259
  subpackages:
  - xfs
- name: github.com/PuerkitoBio/purell
  version: 8a290539e2e8629dbc4e6bad948158f790ec31f4
- name: github.com/PuerkitoBio/urlesc
  version: 5bd2802263f21d8788851d5305584c82a5c75d7e
- name: github.com/robfig/cron
  version: df38d32658d8788cd446ba74db4bb5375c4b0cb3
- name: github.com/spf13/cobra
  version: f62e98d28ab7ad31d707ba837a966378465c7b57
  subpackages:
  - doc
- name: github.com/spf13/pflag
  version: 9ff6c6923cfffbcd502984b8e0c80539a94968b7
- name: github.com/ugorji/go
  version: ded73eae5db7e7a0ef6f55aace87a2873c5d2b74
  subpackages:
  - codec
- name: golang.org/x/crypto
  version: d172538b2cfce0c13cee31e647d0367aa8cd2486
  subpackages:
  - bcrypt
  - blowfish
  - curve25519
  - ed25519
  - ed25519/internal/edwards25519
  - nacl/secretbox
  - poly1305
  - salsa20/salsa
  - ssh
  - ssh/terminal
- name: golang.org/x/net
  version: f2499483f923065a842d38eb4c7f1927e6fc6e6d
  subpackages:
  - context
  - context/ctxhttp
  - html
  - html/atom
  - http2
  - http2/hpack
  - idna
  - internal/timeseries
  - lex/httplex
  - trace
  - websocket
- name: golang.org/x/oauth2
  version: a6bd8cefa1811bd24b86f8902872e4e8225f74c4
  subpackages:
  - google
  - internal
  - jws
  - jwt
- name: golang.org/x/sys
  version: 8f0908ab3b2457e2e15403d3697c9ef5cb4b57a9
  subpackages:
  - unix
- name: golang.org/x/text
  version: 2910a502d2bf9e43193af9d68ca516529614eed3
  subpackages:
  - cases
  - internal/tag
  - language
  - runes
  - secure/bidirule
  - secure/precis
  - transform
  - unicode/bidi
  - unicode/norm
  - width
- name: golang.org/x/tools
  version: 2382e3994d48b1d22acc2c86bcad0a2aff028e32
  subpackages:
  - container/intsets
- name: google.golang.org/api
  version: e3824ed33c72bf7e81da0286772c34b987520914
  subpackages:
  - cloudkms/v1
  - cloudmonitoring/v2beta2
  - compute/v0.alpha
  - compute/v0.beta
  - compute/v1
  - container/v1
  - dns/v1
  - gensupport
  - googleapi
  - googleapi/internal/uritemplates
  - logging/v2beta1
  - monitoring/v3
  - pubsub/v1
- name: google.golang.org/appengine
  version: 12d5545dc1cfa6047a286d5e853841b6471f4c19
  subpackages:
  - internal
  - internal/app_identity
  - internal/base
  - internal/datastore
  - internal/log
  - internal/modules
  - internal/remote_api
  - internal/urlfetch
  - urlfetch
- name: google.golang.org/grpc
  version: 777daa17ff9b5daef1cfdf915088a2ada3332bf0
  subpackages:
  - codes
  - credentials
  - grpclog
  - internal
  - metadata
  - naming
  - peer
  - transport
- name: gopkg.in/gcfg.v1
  version: 083575c3955c85df16fe9590cceab64d03f5eb6e
  subpackages:
  - scanner
  - token
  - types
- name: gopkg.in/inf.v0
  version: 3887ee99ecf07df5b447e9b00d9c0b2adaa9f3e4
- name: gopkg.in/natefinch/lumberjack.v2
  version: 20b71e5b60d756d3d2f80def009790325acc2b23
- name: gopkg.in/yaml.v2
  version: 53feefa2559fb8dfa8d81baad31be332c97d6c77
- name: k8s.io/api
  version: e012d1a19ed30848135c78dca93b6d6a0f82d9e0
  subpackages:
  - admission/v1alpha1
  - admissionregistration/v1alpha1
  - apps/v1beta1
  - apps/v1beta2
  - authentication/v1
  - authentication/v1beta1
  - authorization/v1
  - authorization/v1beta1
  - autoscaling/v1
  - autoscaling/v2alpha1
  - batch/v1
  - batch/v2alpha1
  - certificates/v1beta1
  - core/v1
  - extensions/v1beta1
  - imagepolicy/v1alpha1
  - networking/v1
  - policy/v1beta1
  - rbac/v1alpha1
  - rbac/v1beta1
  - scheduling/v1alpha1
  - settings/v1alpha1
  - storage/v1
  - storage/v1beta1
- name: k8s.io/apiextensions-apiserver
  version: 84dd98f611658b66a1f42830a2c8c9dbb63c159c
  subpackages:
  - pkg/apis/apiextensions
  - pkg/apis/apiextensions/install
  - pkg/apis/apiextensions/v1beta1
  - pkg/apis/apiextensions/validation
  - pkg/apiserver
  - pkg/client/clientset/clientset
  - pkg/client/clientset/clientset/scheme
  - pkg/client/clientset/clientset/typed/apiextensions/v1beta1
  - pkg/client/clientset/internalclientset
  - pkg/client/clientset/internalclientset/scheme
  - pkg/client/clientset/internalclientset/typed/apiextensions/internalversion
  - pkg/client/informers/externalversions
  - pkg/client/informers/externalversions/apiextensions
  - pkg/client/informers/externalversions/apiextensions/v1beta1
  - pkg/client/informers/externalversions/internalinterfaces
  - pkg/client/informers/internalversion
  - pkg/client/informers/internalversion/apiextensions
  - pkg/client/informers/internalversion/apiextensions/internalversion
  - pkg/client/informers/internalversion/internalinterfaces
  - pkg/client/listers/apiextensions/internalversion
  - pkg/client/listers/apiextensions/v1beta1
  - pkg/cmd/server
  - pkg/controller/finalizer
  - pkg/controller/status
  - pkg/registry/customresource
  - pkg/registry/customresourcedefinition
- name: k8s.io/apimachinery
  version: 12d70001ef0c75fc5a26057ca73d3caf5e2cf682
  subpackages:
  - pkg/api/equality
  - pkg/api/errors
  - pkg/api/meta
  - pkg/api/resource
  - pkg/api/validation
  - pkg/api/validation/path
  - pkg/apimachinery
  - pkg/apimachinery/announced
  - pkg/apimachinery/registered
  - pkg/apis/meta/internalversion
  - pkg/apis/meta/v1
  - pkg/apis/meta/v1/unstructured
  - pkg/apis/meta/v1/validation
  - pkg/apis/meta/v1alpha1
  - pkg/conversion
  - pkg/conversion/queryparams
  - pkg/conversion/unstructured
  - pkg/fields
  - pkg/labels
  - pkg/openapi
  - pkg/runtime
  - pkg/runtime/schema
  - pkg/runtime/serializer
  - pkg/runtime/serializer/json
  - pkg/runtime/serializer/protobuf
  - pkg/runtime/serializer/recognizer
  - pkg/runtime/serializer/streaming
  - pkg/runtime/serializer/versioning
  - pkg/selection
  - pkg/types
  - pkg/util/cache
  - pkg/util/clock
  - pkg/util/diff
  - pkg/util/errors
  - pkg/util/framer
  - pkg/util/httpstream
  - pkg/util/intstr
  - pkg/util/json
  - pkg/util/mergepatch
  - pkg/util/net
  - pkg/util/proxy
  - pkg/util/rand
  - pkg/util/runtime
  - pkg/util/sets
  - pkg/util/strategicpatch
  - pkg/util/uuid
  - pkg/util/validation
  - pkg/util/validation/field
  - pkg/util/wait
  - pkg/util/yaml
  - pkg/version
  - pkg/watch
  - third_party/forked/golang/json
  - third_party/forked/golang/netutil
  - third_party/forked/golang/reflect
- name: k8s.io/apiserver
  version: 4269e5580171264cafc0408cb4e175e552e86944
  subpackages:
  - pkg/admission
  - pkg/admission/initializer
  - pkg/admission/plugin/namespace/lifecycle
  - pkg/apis/apiserver
  - pkg/apis/apiserver/install
  - pkg/apis/apiserver/v1alpha1
  - pkg/apis/audit
  - pkg/apis/audit/install
  - pkg/apis/audit/v1alpha1
  - pkg/apis/audit/validation
  - pkg/audit
  - pkg/audit/policy
  - pkg/authentication/authenticator
  - pkg/authentication/authenticatorfactory
  - pkg/authentication/group
  - pkg/authentication/request/anonymous
  - pkg/authentication/request/bearertoken
  - pkg/authentication/request/headerrequest
  - pkg/authentication/request/union
  - pkg/authentication/request/websocket
  - pkg/authentication/request/x509
  - pkg/authentication/serviceaccount
  - pkg/authentication/token/tokenfile
  - pkg/authentication/user
  - pkg/authorization/authorizer
  - pkg/authorization/authorizerfactory
  - pkg/authorization/union
  - pkg/endpoints
  - pkg/endpoints/discovery
  - pkg/endpoints/filters
  - pkg/endpoints/handlers
  - pkg/endpoints/handlers/negotiation
  - pkg/endpoints/handlers/responsewriters
  - pkg/endpoints/metrics
  - pkg/endpoints/openapi
  - pkg/endpoints/request
  - pkg/features
  - pkg/registry/generic
  - pkg/registry/generic/registry
  - pkg/registry/generic/rest
  - pkg/registry/rest
  - pkg/server
  - pkg/server/filters
  - pkg/server/healthz
  - pkg/server/httplog
  - pkg/server/mux
  - pkg/server/openapi
  - pkg/server/options
  - pkg/server/routes
  - pkg/server/routes/data/swagger
  - pkg/server/storage
  - pkg/storage
  - pkg/storage/errors
  - pkg/storage/etcd
  - pkg/storage/etcd/metrics
  - pkg/storage/etcd/util
  - pkg/storage/etcd3
  - pkg/storage/names
  - pkg/storage/storagebackend
  - pkg/storage/storagebackend/factory
  - pkg/storage/value
  - pkg/util/feature
  - pkg/util/flag
  - pkg/util/flushwriter
  - pkg/util/logs
  - pkg/util/trace
  - pkg/util/trie
  - pkg/util/webhook
  - pkg/util/wsstream
  - plugin/pkg/audit/log
  - plugin/pkg/audit/webhook
  - plugin/pkg/authenticator/password/keystone
  - plugin/pkg/authenticator/password/passwordfile
  - plugin/pkg/authenticator/request/basicauth
  - plugin/pkg/authenticator/token/oidc
  - plugin/pkg/authenticator/token/webhook
  - plugin/pkg/authorizer/webhook
- name: k8s.io/client-go
  version: 687e8a49bc3adedd1ebb43c6ae0c33648a9c2cab
  subpackages:
  - discovery
  - discovery/fake
  - dynamic
  - informers
  - informers/admissionregistration
  - informers/admissionregistration/v1alpha1
  - informers/apps
  - informers/apps/v1beta1
  - informers/apps/v1beta2
  - informers/autoscaling
  - informers/autoscaling/v1
  - informers/autoscaling/v2alpha1
  - informers/batch
  - informers/batch/v1
  - informers/batch/v2alpha1
  - informers/certificates
  - informers/certificates/v1beta1
  - informers/core
  - informers/core/v1
  - informers/extensions
  - informers/extensions/v1beta1
  - informers/internalinterfaces
  - informers/networking
  - informers/networking/v1
  - informers/policy
  - informers/policy/v1beta1
  - informers/rbac
  - informers/rbac/v1alpha1
  - informers/rbac/v1beta1
  - informers/scheduling
  - informers/scheduling/v1alpha1
  - informers/settings
  - informers/settings/v1alpha1
  - informers/storage
  - informers/storage/v1
  - informers/storage/v1beta1
  - kubernetes
  - kubernetes/fake
  - kubernetes/scheme
  - kubernetes/typed/admissionregistration/v1alpha1
  - kubernetes/typed/admissionregistration/v1alpha1/fake
  - kubernetes/typed/apps/v1beta1
  - kubernetes/typed/apps/v1beta1/fake
  - kubernetes/typed/apps/v1beta2
  - kubernetes/typed/apps/v1beta2/fake
  - kubernetes/typed/authentication/v1
  - kubernetes/typed/authentication/v1/fake
  - kubernetes/typed/authentication/v1beta1
  - kubernetes/typed/authentication/v1beta1/fake
  - kubernetes/typed/authorization/v1
  - kubernetes/typed/authorization/v1/fake
  - kubernetes/typed/authorization/v1beta1
  - kubernetes/typed/authorization/v1beta1/fake
  - kubernetes/typed/autoscaling/v1
  - kubernetes/typed/autoscaling/v1/fake
  - kubernetes/typed/autoscaling/v2alpha1
  - kubernetes/typed/autoscaling/v2alpha1/fake
  - kubernetes/typed/batch/v1
  - kubernetes/typed/batch/v1/fake
  - kubernetes/typed/batch/v2alpha1
  - kubernetes/typed/batch/v2alpha1/fake
  - kubernetes/typed/certificates/v1beta1
  - kubernetes/typed/certificates/v1beta1/fake
  - kubernetes/typed/core/v1
  - kubernetes/typed/core/v1/fake
  - kubernetes/typed/extensions/v1beta1
  - kubernetes/typed/extensions/v1beta1/fake
  - kubernetes/typed/networking/v1
  - kubernetes/typed/networking/v1/fake
  - kubernetes/typed/policy/v1beta1
  - kubernetes/typed/policy/v1beta1/fake
  - kubernetes/typed/rbac/v1alpha1
  - kubernetes/typed/rbac/v1alpha1/fake
  - kubernetes/typed/rbac/v1beta1
  - kubernetes/typed/rbac/v1beta1/fake
  - kubernetes/typed/scheduling/v1alpha1
  - kubernetes/typed/scheduling/v1alpha1/fake
  - kubernetes/typed/settings/v1alpha1
  - kubernetes/typed/settings/v1alpha1/fake
  - kubernetes/typed/storage/v1
  - kubernetes/typed/storage/v1/fake
  - kubernetes/typed/storage/v1beta1
  - kubernetes/typed/storage/v1beta1/fake
  - listers/admissionregistration/v1alpha1
  - listers/apps/v1beta1
  - listers/apps/v1beta2
  - listers/autoscaling/v1
  - listers/autoscaling/v2alpha1
  - listers/batch/v1
  - listers/batch/v2alpha1
  - listers/certificates/v1beta1
  - listers/core/v1
  - listers/extensions/v1beta1
  - listers/networking/v1
  - listers/policy/v1beta1
  - listers/rbac/v1alpha1
  - listers/rbac/v1beta1
  - listers/scheduling/v1alpha1
  - listers/settings/v1alpha1
  - listers/storage/v1
  - listers/storage/v1beta1
  - pkg/version
  - plugin/pkg/client/auth/gcp
  - plugin/pkg/client/auth/oidc
  - rest
  - rest/watch
  - testing
  - third_party/forked/golang/template
  - tools/auth
  - tools/cache
  - tools/clientcmd
  - tools/clientcmd/api
  - tools/clientcmd/api/latest
  - tools/clientcmd/api/v1
  - tools/metrics
  - tools/record
  - tools/reference
  - transport
  - util/cert
  - util/flowcontrol
  - util/homedir
  - util/integer
  - util/jsonpath
  - util/workqueue
- name: k8s.io/kubernetes
  version: 926851c17da0bfed329e16e35cbe9b204f5a455c
  repo: https://github.com/ibuildthecloud/kubernetes
  subpackages:
  - cmd/kube-apiserver/app/options
  - federation/apis/federation
  - federation/apis/federation/install
  - federation/apis/federation/v1beta1
  - federation/client/clientset_generated/federation_internalclientset
  - federation/client/clientset_generated/federation_internalclientset/scheme
  - federation/client/clientset_generated/federation_internalclientset/typed/autoscaling/internalversion
  - federation/client/clientset_generated/federation_internalclientset/typed/batch/internalversion
  - federation/client/clientset_generated/federation_internalclientset/typed/core/internalversion
  - federation/client/clientset_generated/federation_internalclientset/typed/extensions/internalversion
  - federation/client/clientset_generated/federation_internalclientset/typed/federation/internalversion
  - pkg/api
  - pkg/api/endpoints
  - pkg/api/events
  - pkg/api/helper
  - pkg/api/helper/qos
  - pkg/api/install
  - pkg/api/persistentvolume
  - pkg/api/pod
  - pkg/api/ref
  - pkg/api/resource
  - pkg/api/service
  - pkg/api/util
  - pkg/api/v1
  - pkg/api/v1/helper
  - pkg/api/v1/helper/qos
  - pkg/api/v1/pod
  - pkg/api/v1/service
  - pkg/api/validation
  - pkg/apis/abac
  - pkg/apis/abac/latest
  - pkg/apis/abac/v0
  - pkg/apis/abac/v1beta1
  - pkg/apis/admission
  - pkg/apis/admission/install
  - pkg/apis/admission/v1alpha1
  - pkg/apis/admissionregistration
  - pkg/apis/admissionregistration/install
  - pkg/apis/admissionregistration/v1alpha1
  - pkg/apis/admissionregistration/validation
  - pkg/apis/apps
  - pkg/apis/apps/install
  - pkg/apis/apps/v1beta1
  - pkg/apis/apps/validation
  - pkg/apis/authentication
  - pkg/apis/authentication/install
  - pkg/apis/authentication/v1
  - pkg/apis/authentication/v1beta1
  - pkg/apis/authorization
  - pkg/apis/authorization/install
  - pkg/apis/authorization/v1
  - pkg/apis/authorization/v1beta1
  - pkg/apis/authorization/validation
  - pkg/apis/autoscaling
  - pkg/apis/autoscaling/install
  - pkg/apis/autoscaling/v1
  - pkg/apis/autoscaling/v2alpha1
  - pkg/apis/autoscaling/validation
  - pkg/apis/batch
  - pkg/apis/batch/install
  - pkg/apis/batch/v1
  - pkg/apis/batch/v2alpha1
  - pkg/apis/batch/validation
  - pkg/apis/certificates
  - pkg/apis/certificates/install
  - pkg/apis/certificates/v1beta1
  - pkg/apis/certificates/validation
  - pkg/apis/componentconfig
  - pkg/apis/componentconfig/install
  - pkg/apis/componentconfig/v1alpha1
  - pkg/apis/extensions
  - pkg/apis/extensions/install
  - pkg/apis/extensions/v1beta1
  - pkg/apis/extensions/validation
  - pkg/apis/imagepolicy
  - pkg/apis/imagepolicy/install
  - pkg/apis/imagepolicy/v1alpha1
  - pkg/apis/networking
  - pkg/apis/networking/install
  - pkg/apis/networking/v1
  - pkg/apis/networking/validation
  - pkg/apis/policy
  - pkg/apis/policy/install
  - pkg/apis/policy/v1beta1
  - pkg/apis/policy/validation
  - pkg/apis/rbac
  - pkg/apis/rbac/install
  - pkg/apis/rbac/v1alpha1
  - pkg/apis/rbac/v1beta1
  - pkg/apis/rbac/validation
  - pkg/apis/scheduling
  - pkg/apis/scheduling/install
  - pkg/apis/scheduling/v1alpha1
  - pkg/apis/scheduling/validation
  - pkg/apis/settings
  - pkg/apis/settings/install
  - pkg/apis/settings/v1alpha1
  - pkg/apis/settings/validation
  - pkg/apis/storage
  - pkg/apis/storage/install
  - pkg/apis/storage/util
  - pkg/apis/storage/v1
  - pkg/apis/storage/v1beta1
  - pkg/apis/storage/validation
  - pkg/auth/authorizer/abac
  - pkg/auth/nodeidentifier
  - pkg/capabilities
  - pkg/client/clientset_generated/internalclientset
  - pkg/client/clientset_generated/internalclientset/scheme
  - pkg/client/clientset_generated/internalclientset/typed/admissionregistration/internalversion
  - pkg/client/clientset_generated/internalclientset/typed/apps/internalversion
  - pkg/client/clientset_generated/internalclientset/typed/authentication/internalversion
  - pkg/client/clientset_generated/internalclientset/typed/authorization/internalversion
  - pkg/client/clientset_generated/internalclientset/typed/autoscaling/internalversion
  - pkg/client/clientset_generated/internalclientset/typed/batch/internalversion
  - pkg/client/clientset_generated/internalclientset/typed/certificates/internalversion
  - pkg/client/clientset_generated/internalclientset/typed/core/internalversion
  - pkg/client/clientset_generated/internalclientset/typed/extensions/internalversion
  - pkg/client/clientset_generated/internalclientset/typed/networking/internalversion
  - pkg/client/clientset_generated/internalclientset/typed/policy/internalversion
  - pkg/client/clientset_generated/internalclientset/typed/rbac/internalversion
  - pkg/client/clientset_generated/internalclientset/typed/scheduling/internalversion
  - pkg/client/clientset_generated/internalclientset/typed/settings/internalversion
  - pkg/client/clientset_generated/internalclientset/typed/storage/internalversion
  - pkg/client/informers/informers_generated/internalversion
  - pkg/client/informers/informers_generated/internalversion/admissionregistration
  - pkg/client/informers/informers_generated/internalversion/admissionregistration/internalversion
  - pkg/client/informers/informers_generated/internalversion/apps
  - pkg/client/informers/informers_generated/internalversion/apps/internalversion
  - pkg/client/informers/informers_generated/internalversion/autoscaling
  - pkg/client/informers/informers_generated/internalversion/autoscaling/internalversion
  - pkg/client/informers/informers_generated/internalversion/batch
  - pkg/client/informers/informers_generated/internalversion/batch/internalversion
  - pkg/client/informers/informers_generated/internalversion/certificates
  - pkg/client/informers/informers_generated/internalversion/certificates/internalversion
  - pkg/client/informers/informers_generated/internalversion/core
  - pkg/client/informers/informers_generated/internalversion/core/internalversion
  - pkg/client/informers/informers_generated/internalversion/extensions
  - pkg/client/informers/informers_generated/internalversion/extensions/internalversion
  - pkg/client/informers/informers_generated/internalversion/internalinterfaces
  - pkg/client/informers/informers_generated/internalversion/networking
  - pkg/client/informers/informers_generated/internalversion/networking/internalversion
  - pkg/client/informers/informers_generated/internalversion/policy
  - pkg/client/informers/informers_generated/internalversion/policy/internalversion
  - pkg/client/informers/informers_generated/internalversion/rbac
  - pkg/client/informers/informers_generated/internalversion/rbac/internalversion
  - pkg/client/informers/informers_generated/internalversion/scheduling
  - pkg/client/informers/informers_generated/internalversion/scheduling/internalversion
  - pkg/client/informers/informers_generated/internalversion/settings
  - pkg/client/informers/informers_generated/internalversion/settings/internalversion
  - pkg/client/informers/informers_generated/internalversion/storage
  - pkg/client/informers/informers_generated/internalversion/storage/internalversion
  - pkg/client/listers/admissionregistration/internalversion
  - pkg/client/listers/apps/internalversion
  - pkg/client/listers/autoscaling/internalversion
  - pkg/client/listers/batch/internalversion
  - pkg/client/listers/certificates/internalversion
  - pkg/client/listers/core/internalversion
  - pkg/client/listers/extensions/internalversion
  - pkg/client/listers/networking/internalversion
  - pkg/client/listers/policy/internalversion
  - pkg/client/listers/rbac/internalversion
  - pkg/client/listers/scheduling/internalversion
  - pkg/client/listers/settings/internalversion
  - pkg/client/listers/storage/internalversion
  - pkg/client/metrics
  - pkg/client/metrics/prometheus
  - pkg/client/retry
  - pkg/cloudprovider
  - pkg/cloudprovider/providers/aws
  - pkg/cloudprovider/providers/gce
  - pkg/controller
  - pkg/controller/deployment/util
  - pkg/credentialprovider
  - pkg/credentialprovider/aws
  - pkg/features
  - pkg/fieldpath
  - pkg/kubeapiserver
  - pkg/kubeapiserver/admission
  - pkg/kubeapiserver/admission/configuration
  - pkg/kubeapiserver/authenticator
  - pkg/kubeapiserver/authorizer
  - pkg/kubeapiserver/authorizer/modes
  - pkg/kubeapiserver/options
  - pkg/kubeapiserver/server
  - pkg/kubelet/apis
  - pkg/kubelet/client
  - pkg/kubelet/qos
  - pkg/kubelet/types
  - pkg/master
  - pkg/master/ports
  - pkg/master/tunneler
  - pkg/printers
  - pkg/printers/internalversion
  - pkg/printers/storage
  - pkg/probe
  - pkg/probe/http
  - pkg/quota
  - pkg/quota/evaluator/core
  - pkg/quota/generic
  - pkg/quota/install
  - pkg/registry/admissionregistration/externaladmissionhookconfiguration
  - pkg/registry/admissionregistration/externaladmissionhookconfiguration/storage
  - pkg/registry/admissionregistration/initializerconfiguration
  - pkg/registry/admissionregistration/initializerconfiguration/storage
  - pkg/registry/admissionregistration/rest
  - pkg/registry/apps/controllerrevision
  - pkg/registry/apps/controllerrevision/storage
  - pkg/registry/apps/rest
  - pkg/registry/apps/statefulset
  - pkg/registry/apps/statefulset/storage
  - pkg/registry/authentication/rest
  - pkg/registry/authentication/tokenreview
  - pkg/registry/authorization/localsubjectaccessreview
  - pkg/registry/authorization/rest
  - pkg/registry/authorization/selfsubjectaccessreview
  - pkg/registry/authorization/subjectaccessreview
  - pkg/registry/authorization/util
  - pkg/registry/autoscaling/horizontalpodautoscaler
  - pkg/registry/autoscaling/horizontalpodautoscaler/storage
  - pkg/registry/autoscaling/rest
  - pkg/registry/batch/cronjob
  - pkg/registry/batch/cronjob/storage
  - pkg/registry/batch/job
  - pkg/registry/batch/job/storage
  - pkg/registry/batch/rest
  - pkg/registry/cachesize
  - pkg/registry/certificates/certificates
  - pkg/registry/certificates/certificates/storage
  - pkg/registry/certificates/rest
  - pkg/registry/core/componentstatus
  - pkg/registry/core/configmap
  - pkg/registry/core/configmap/storage
  - pkg/registry/core/endpoint
  - pkg/registry/core/endpoint/storage
  - pkg/registry/core/event
  - pkg/registry/core/event/storage
  - pkg/registry/core/limitrange
  - pkg/registry/core/limitrange/storage
  - pkg/registry/core/namespace
  - pkg/registry/core/namespace/storage
  - pkg/registry/core/node
  - pkg/registry/core/node/rest
  - pkg/registry/core/node/storage
  - pkg/registry/core/persistentvolume
  - pkg/registry/core/persistentvolume/storage
  - pkg/registry/core/persistentvolumeclaim
  - pkg/registry/core/persistentvolumeclaim/storage
  - pkg/registry/core/pod
  - pkg/registry/core/pod/rest
  - pkg/registry/core/pod/storage
  - pkg/registry/core/podtemplate
  - pkg/registry/core/podtemplate/storage
  - pkg/registry/core/rangeallocation
  - pkg/registry/core/replicationcontroller
  - pkg/registry/core/replicationcontroller/storage
  - pkg/registry/core/resourcequota
  - pkg/registry/core/resourcequota/storage
  - pkg/registry/core/rest
  - pkg/registry/core/secret
  - pkg/registry/core/secret/storage
  - pkg/registry/core/service
  - pkg/registry/core/service/allocator
  - pkg/registry/core/service/allocator/storage
  - pkg/registry/core/service/ipallocator
  - pkg/registry/core/service/ipallocator/controller
  - pkg/registry/core/service/portallocator
  - pkg/registry/core/service/portallocator/controller
  - pkg/registry/core/service/storage
  - pkg/registry/core/serviceaccount
  - pkg/registry/core/serviceaccount/storage
  - pkg/registry/extensions/controller/storage
  - pkg/registry/extensions/daemonset
  - pkg/registry/extensions/daemonset/storage
  - pkg/registry/extensions/deployment
  - pkg/registry/extensions/deployment/storage
  - pkg/registry/extensions/ingress
  - pkg/registry/extensions/ingress/storage
  - pkg/registry/extensions/networkpolicy
  - pkg/registry/extensions/networkpolicy/storage
  - pkg/registry/extensions/podsecuritypolicy
  - pkg/registry/extensions/podsecuritypolicy/storage
  - pkg/registry/extensions/replicaset
  - pkg/registry/extensions/replicaset/storage
  - pkg/registry/extensions/rest
  - pkg/registry/networking/networkpolicy
  - pkg/registry/networking/networkpolicy/storage
  - pkg/registry/networking/rest
  - pkg/registry/policy/poddisruptionbudget
  - pkg/registry/policy/poddisruptionbudget/storage
  - pkg/registry/policy/rest
  - pkg/registry/rbac
  - pkg/registry/rbac/clusterrole
  - pkg/registry/rbac/clusterrole/policybased
  - pkg/registry/rbac/clusterrole/storage
  - pkg/registry/rbac/clusterrolebinding
  - pkg/registry/rbac/clusterrolebinding/policybased
  - pkg/registry/rbac/clusterrolebinding/storage
  - pkg/registry/rbac/reconciliation
  - pkg/registry/rbac/rest
  - pkg/registry/rbac/role
  - pkg/registry/rbac/role/policybased
  - pkg/registry/rbac/role/storage
  - pkg/registry/rbac/rolebinding
  - pkg/registry/rbac/rolebinding/policybased
  - pkg/registry/rbac/rolebinding/storage
  - pkg/registry/rbac/validation
  - pkg/registry/scheduling/priorityclass
  - pkg/registry/scheduling/priorityclass/storage
  - pkg/registry/scheduling/rest
  - pkg/registry/settings/podpreset
  - pkg/registry/settings/podpreset/storage
  - pkg/registry/settings/rest
  - pkg/registry/storage/rest
  - pkg/registry/storage/storageclass
  - pkg/registry/storage/storageclass/storage
  - pkg/routes
  - pkg/security/apparmor
  - pkg/security/podsecuritypolicy
  - pkg/security/podsecuritypolicy/apparmor
  - pkg/security/podsecuritypolicy/capabilities
  - pkg/security/podsecuritypolicy/group
  - pkg/security/podsecuritypolicy/seccomp
  - pkg/security/podsecuritypolicy/selinux
  - pkg/security/podsecuritypolicy/sysctl
  - pkg/security/podsecuritypolicy/user
  - pkg/security/podsecuritypolicy/util
  - pkg/securitycontext
  - pkg/serviceaccount
  - pkg/ssh
  - pkg/util/async
  - pkg/util/exec
  - pkg/util/file
  - pkg/util/hash
  - pkg/util/io
  - pkg/util/labels
  - pkg/util/maps
  - pkg/util/mount
  - pkg/util/net/sets
  - pkg/util/node
  - pkg/util/parsers
  - pkg/util/pointer
  - pkg/util/slice
  - pkg/util/tolerations
  - pkg/util/version
  - pkg/util/workqueue/prometheus
  - pkg/version
  - pkg/version/prometheus
  - pkg/volume
  - pkg/volume/util
  - pkg/volume/validation
  - plugin/pkg/admission/admit
  - plugin/pkg/admission/alwayspullimages
  - plugin/pkg/admission/antiaffinity
  - plugin/pkg/admission/defaulttolerationseconds
  - plugin/pkg/admission/deny
  - plugin/pkg/admission/exec
  - plugin/pkg/admission/gc
  - plugin/pkg/admission/imagepolicy
  - plugin/pkg/admission/initialization
  - plugin/pkg/admission/initialresources
  - plugin/pkg/admission/limitranger
  - plugin/pkg/admission/namespace/autoprovision
  - plugin/pkg/admission/namespace/exists
  - plugin/pkg/admission/noderestriction
  - plugin/pkg/admission/persistentvolume/label
  - plugin/pkg/admission/podnodeselector
  - plugin/pkg/admission/podpreset
  - plugin/pkg/admission/podtolerationrestriction
  - plugin/pkg/admission/podtolerationrestriction/apis/podtolerationrestriction
  - plugin/pkg/admission/podtolerationrestriction/apis/podtolerationrestriction/install
  - plugin/pkg/admission/podtolerationrestriction/apis/podtolerationrestriction/v1alpha1
  - plugin/pkg/admission/podtolerationrestriction/apis/podtolerationrestriction/validation
  - plugin/pkg/admission/resourcequota
  - plugin/pkg/admission/resourcequota/apis/resourcequota
  - plugin/pkg/admission/resourcequota/apis/resourcequota/install
  - plugin/pkg/admission/resourcequota/apis/resourcequota/v1alpha1
  - plugin/pkg/admission/resourcequota/apis/resourcequota/validation
  - plugin/pkg/admission/security/podsecuritypolicy
  - plugin/pkg/admission/securitycontext/scdeny
  - plugin/pkg/admission/serviceaccount
  - plugin/pkg/admission/storageclass/setdefault
  - plugin/pkg/admission/webhook
  - plugin/pkg/auth/authorizer/node
  - plugin/pkg/auth/authorizer/rbac
  - plugin/pkg/auth/authorizer/rbac/bootstrappolicy
  - plugin/pkg/scheduler/algorithm
  - plugin/pkg/scheduler/algorithm/priorities/util
  - plugin/pkg/scheduler/api
  - plugin/pkg/scheduler/schedulercache
  - third_party/forked/gonum/graph
  - third_party/forked/gonum/graph/internal/linear
  - third_party/forked/gonum/graph/simple
  - third_party/forked/gonum/graph/traverse
testImports: []
